
Microsoft Visual Studio Solution File, Format Version 12.00
# Visual Studio Version 16
VisualStudioVersion = 16.0.30104.148
MinimumVisualStudioVersion = 10.0.40219.1
Project("{9A19103F-16F7-4668-BE54-9A1E7A4F7556}") = "Share_Free", "Share_Free.csproj", "{78FCE7DA-D10E-451E-B694-21E084AAACB8}"
EndProject
Global
	GlobalSection(SolutionConfigurationPlatforms) = preSolution
		Debug|Any CPU = Debug|Any CPU
		Release|Any CPU = Release|Any CPU
	EndGlobalSection
	GlobalSection(ProjectConfigurationPlatforms) = postSolution
		{78FCE7DA-D10E-451E-B694-21E084AAACB8}.Debug|Any CPU.ActiveCfg = Debug|Any CPU
		{78FCE7DA-D10E-451E-B694-21E084AAACB8}.Debug|Any CPU.Build.0 = Debug|Any CPU
		{78FCE7DA-D10E-451E-B694-21E084AAACB8}.Release|Any CPU.ActiveCfg = Release|Any CPU
		{78FCE7DA-D10E-451E-B694-21E084AAACB8}.Release|Any CPU.Build.0 = Release|Any CPU
	EndGlobalSection
	GlobalSection(SolutionProperties) = preSolution
		HideSolutionNode = FALSE
	EndGlobalSection
	GlobalSection(ExtensibilityGlobals) = postSolution
		SolutionGuid = {A77969AF-3F66-43C6-BE98-0FA9F4B49612}
	EndGlobalSection
EndGlobal
